
Microsoft Visual Studio Solution File, Format Version 12.00
# Visual Studio Version 17
VisualStudioVersion = 17.12.35707.178
MinimumVisualStudioVersion = 10.0.40219.1
Project("{FAE04EC0-301F-11D3-BF4B-00C04F79EFBC}") = "IdentityManagement.API", "IdentityManagement.API\IdentityManagement.API.csproj", "{05A4D8F5-B2C2-4895-916E-5D75C00A1A3A}"
EndProject
Project("{FAE04EC0-301F-11D3-BF4B-00C04F79EFBC}") = "IdentityManagement.UnitTests", "IdentityManagement.UnitTests\IdentityManagement.UnitTests.csproj", "{A0342F48-4230-4B51-9F50-4451CCCCEEEC}"
EndProject
Global
	GlobalSection(SolutionConfigurationPlatforms) = preSolution
		Debug|Any CPU = Debug|Any CPU
		Release|Any CPU = Release|Any CPU
	EndGlobalSection
	GlobalSection(ProjectConfigurationPlatforms) = postSolution
		{05A4D8F5-B2C2-4895-916E-5D75C00A1A3A}.Debug|Any CPU.ActiveCfg = Debug|Any CPU
		{05A4D8F5-B2C2-4895-916E-5D75C00A1A3A}.Debug|Any CPU.Build.0 = Debug|Any CPU
		{05A4D8F5-B2C2-4895-916E-5D75C00A1A3A}.Release|Any CPU.ActiveCfg = Release|Any CPU
		{05A4D8F5-B2C2-4895-916E-5D75C00A1A3A}.Release|Any CPU.Build.0 = Release|Any CPU
		{A0342F48-4230-4B51-9F50-4451CCCCEEEC}.Debug|Any CPU.ActiveCfg = Debug|Any CPU
		{A0342F48-4230-4B51-9F50-4451CCCCEEEC}.Debug|Any CPU.Build.0 = Debug|Any CPU
		{A0342F48-4230-4B51-9F50-4451CCCCEEEC}.Release|Any CPU.ActiveCfg = Release|Any CPU
		{A0342F48-4230-4B51-9F50-4451CCCCEEEC}.Release|Any CPU.Build.0 = Release|Any CPU
	EndGlobalSection
	GlobalSection(SolutionProperties) = preSolution
		HideSolutionNode = FALSE
	EndGlobalSection
EndGlobal
